
Microsoft Visual Studio Solution File, Format Version 12.00
# Visual Studio 15
VisualStudioVersion = 15.0.26228.4
MinimumVisualStudioVersion = 10.0.40219.1
Project("{FAE04EC0-301F-11D3-BF4B-00C04F79EFBC}") = "MyCore", "MyCore\MyCore.csproj", "{BD729104-62A6-4718-8AA9-70B4499DFD0D}"
EndProject
Project("{FAE04EC0-301F-11D3-BF4B-00C04F79EFBC}") = "MyCore.Contract", "MyCore.Contract\MyCore.Contract.csproj", "{E8EBC65D-E0ED-4037-B3ED-5AEC3B36BA8B}"
EndProject
Project("{FAE04EC0-301F-11D3-BF4B-00C04F79EFBC}") = "MyCore.Entity", "MyCore.Entity\MyCore.Entity.csproj", "{B80B80AF-7DA5-426B-BB4F-A3F62EB524B6}"
EndProject
Project("{FAE04EC0-301F-11D3-BF4B-00C04F79EFBC}") = "MyCore.Service", "MyCore.Service\MyCore.Service.csproj", "{7368AE30-6A81-43F7-9452-4667E62EF75C}"
EndProject
Global
	GlobalSection(SolutionConfigurationPlatforms) = preSolution
		Debug|Any CPU = Debug|Any CPU
		Release|Any CPU = Release|Any CPU
	EndGlobalSection
	GlobalSection(ProjectConfigurationPlatforms) = postSolution
		{BD729104-62A6-4718-8AA9-70B4499DFD0D}.Debug|Any CPU.ActiveCfg = Debug|Any CPU
		{BD729104-62A6-4718-8AA9-70B4499DFD0D}.Debug|Any CPU.Build.0 = Debug|Any CPU
		{BD729104-62A6-4718-8AA9-70B4499DFD0D}.Release|Any CPU.ActiveCfg = Release|Any CPU
		{BD729104-62A6-4718-8AA9-70B4499DFD0D}.Release|Any CPU.Build.0 = Release|Any CPU
		{E8EBC65D-E0ED-4037-B3ED-5AEC3B36BA8B}.Debug|Any CPU.ActiveCfg = Debug|Any CPU
		{E8EBC65D-E0ED-4037-B3ED-5AEC3B36BA8B}.Debug|Any CPU.Build.0 = Debug|Any CPU
		{E8EBC65D-E0ED-4037-B3ED-5AEC3B36BA8B}.Release|Any CPU.ActiveCfg = Release|Any CPU
		{E8EBC65D-E0ED-4037-B3ED-5AEC3B36BA8B}.Release|Any CPU.Build.0 = Release|Any CPU
		{B80B80AF-7DA5-426B-BB4F-A3F62EB524B6}.Debug|Any CPU.ActiveCfg = Debug|Any CPU
		{B80B80AF-7DA5-426B-BB4F-A3F62EB524B6}.Debug|Any CPU.Build.0 = Debug|Any CPU
		{B80B80AF-7DA5-426B-BB4F-A3F62EB524B6}.Release|Any CPU.ActiveCfg = Release|Any CPU
		{B80B80AF-7DA5-426B-BB4F-A3F62EB524B6}.Release|Any CPU.Build.0 = Release|Any CPU
		{7368AE30-6A81-43F7-9452-4667E62EF75C}.Debug|Any CPU.ActiveCfg = Debug|Any CPU
		{7368AE30-6A81-43F7-9452-4667E62EF75C}.Debug|Any CPU.Build.0 = Debug|Any CPU
		{7368AE30-6A81-43F7-9452-4667E62EF75C}.Release|Any CPU.ActiveCfg = Release|Any CPU
		{7368AE30-6A81-43F7-9452-4667E62EF75C}.Release|Any CPU.Build.0 = Release|Any CPU
	EndGlobalSection
	GlobalSection(SolutionProperties) = preSolution
		HideSolutionNode = FALSE
	EndGlobalSection
EndGlobal
